// !$*UTF8*$!
{
	archiveVersion = 1;
	classes = {
	};
	objectVersion = 56;
	objects = {

/* Begin PBXBuildFile section */
		1E3258872AA8702100516811 /* CustomFoodViewModel.swift in Sources */ = {isa = PBXBuildFile; fileRef = 1E3258862AA8702100516811 /* CustomFoodViewModel.swift */; };
		1E44E01B2B14B9AF00B15390 /* NetworkManager.swift in Sources */ = {isa = PBXBuildFile; fileRef = 1E44E01A2B14B9AF00B15390 /* NetworkManager.swift */; };
		1E44E01D2B14BA5100B15390 /* BMFood.swift in Sources */ = {isa = PBXBuildFile; fileRef = 1E44E01C2B14BA5100B15390 /* BMFood.swift */; };
		1E53F8642A9F43120023D783 /* CustomFoodView.swift in Sources */ = {isa = PBXBuildFile; fileRef = 1E53F8632A9F43120023D783 /* CustomFoodView.swift */; };
		1E53F8692AA0D4F00023D783 /* DataController.swift in Sources */ = {isa = PBXBuildFile; fileRef = 1E53F8682AA0D4F00023D783 /* DataController.swift */; };
		1E53F86C2AA0D5B20023D783 /* bitemap.xcdatamodeld in Sources */ = {isa = PBXBuildFile; fileRef = 1E53F86A2AA0D5B20023D783 /* bitemap.xcdatamodeld */; };
		1E53F86E2AA0EFF90023D783 /* FoodDetailView.swift in Sources */ = {isa = PBXBuildFile; fileRef = 1E53F86D2AA0EFF90023D783 /* FoodDetailView.swift */; };
		1E53F88A2AA785C30023D783 /* FoodDetailViewModel.swift in Sources */ = {isa = PBXBuildFile; fileRef = 1E53F8892AA785C30023D783 /* FoodDetailViewModel.swift */; };
		1E5958332B175D7500499F5D /* TrackedFoodDetailView.swift in Sources */ = {isa = PBXBuildFile; fileRef = 1E5958322B175D7500499F5D /* TrackedFoodDetailView.swift */; };
		1E5958352B1760BF00499F5D /* TrackedFoodDetailViewModel.swift in Sources */ = {isa = PBXBuildFile; fileRef = 1E5958342B1760BF00499F5D /* TrackedFoodDetailViewModel.swift */; };
		1E59583B2B19F78600499F5D /* FoodConverter.swift in Sources */ = {isa = PBXBuildFile; fileRef = 1E59583A2B19F78600499F5D /* FoodConverter.swift */; };
		1E59583D2B1B4B7700499F5D /* KeyboardHelper.swift in Sources */ = {isa = PBXBuildFile; fileRef = 1E59583C2B1B4B7700499F5D /* KeyboardHelper.swift */; };
		1E59583F2B1B9EC600499F5D /* DBFood.swift in Sources */ = {isa = PBXBuildFile; fileRef = 1E59583E2B1B9EC600499F5D /* DBFood.swift */; };
		1E5958452B1CE45800499F5D /* KeychainSwift in Frameworks */ = {isa = PBXBuildFile; productRef = 1E5958442B1CE45800499F5D /* KeychainSwift */; };
		1E5958472B1CE5C800499F5D /* APITokenResponse.swift in Sources */ = {isa = PBXBuildFile; fileRef = 1E5958462B1CE5C800499F5D /* APITokenResponse.swift */; };
		1E5958492B1E1DF400499F5D /* QuickTrackView.swift in Sources */ = {isa = PBXBuildFile; fileRef = 1E5958482B1E1DF400499F5D /* QuickTrackView.swift */; };
		1E59584B2B1E1E1A00499F5D /* QuickTrackViewModel.swift in Sources */ = {isa = PBXBuildFile; fileRef = 1E59584A2B1E1E1A00499F5D /* QuickTrackViewModel.swift */; };
		1E59584E2B1E21B600499F5D /* QuickTrack+CoreDataClass.swift in Sources */ = {isa = PBXBuildFile; fileRef = 1E59584C2B1E21B600499F5D /* QuickTrack+CoreDataClass.swift */; };
		1E59584F2B1E21B600499F5D /* QuickTrack+CoreDataProperties.swift in Sources */ = {isa = PBXBuildFile; fileRef = 1E59584D2B1E21B600499F5D /* QuickTrack+CoreDataProperties.swift */; };
		1E5958512B1E376600499F5D /* QuickTrackRowView.swift in Sources */ = {isa = PBXBuildFile; fileRef = 1E5958502B1E376600499F5D /* QuickTrackRowView.swift */; };
		1E59585F2B1E5DEE00499F5D /* NutritionBarView.swift in Sources */ = {isa = PBXBuildFile; fileRef = 1E59585E2B1E5DEE00499F5D /* NutritionBarView.swift */; };
		1E729A4F2B1365C1001C05A7 /* MainViewModel.swift in Sources */ = {isa = PBXBuildFile; fileRef = 1E729A4E2B1365C1001C05A7 /* MainViewModel.swift */; };
		1E79A3CB2AB374A600FCF193 /* FoodEntry+CoreDataClass.swift in Sources */ = {isa = PBXBuildFile; fileRef = 1E79A3C92AB374A600FCF193 /* FoodEntry+CoreDataClass.swift */; };
		1E79A3CC2AB374A600FCF193 /* FoodEntry+CoreDataProperties.swift in Sources */ = {isa = PBXBuildFile; fileRef = 1E79A3CA2AB374A600FCF193 /* FoodEntry+CoreDataProperties.swift */; };
		1E885EE42A9E025400E69D74 /* bitemapApp.swift in Sources */ = {isa = PBXBuildFile; fileRef = 1E885EE32A9E025400E69D74 /* bitemapApp.swift */; };
		1E885EE62A9E025400E69D74 /* MainView.swift in Sources */ = {isa = PBXBuildFile; fileRef = 1E885EE52A9E025400E69D74 /* MainView.swift */; };
		1E885EE82A9E025600E69D74 /* Assets.xcassets in Resources */ = {isa = PBXBuildFile; fileRef = 1E885EE72A9E025600E69D74 /* Assets.xcassets */; };
		1E885EEB2A9E025600E69D74 /* Preview Assets.xcassets in Resources */ = {isa = PBXBuildFile; fileRef = 1E885EEA2A9E025600E69D74 /* Preview Assets.xcassets */; };
		1E885EF22A9E210700E69D74 /* ViewCustomization.swift in Sources */ = {isa = PBXBuildFile; fileRef = 1E885EF12A9E210700E69D74 /* ViewCustomization.swift */; };
		1EAD37462B15FC5700B7C649 /* DBCategory.swift in Sources */ = {isa = PBXBuildFile; fileRef = 1EAD37452B15FC5700B7C649 /* DBCategory.swift */; };
		1EAD37482B15FC9C00B7C649 /* DBSubcategory.swift in Sources */ = {isa = PBXBuildFile; fileRef = 1EAD37472B15FC9C00B7C649 /* DBSubcategory.swift */; };
		1EAD374B2B1613C300B7C649 /* subcategories.json in Resources */ = {isa = PBXBuildFile; fileRef = 1EAD37492B1613C300B7C649 /* subcategories.json */; };
		1EAD374C2B1613C300B7C649 /* categories.json in Resources */ = {isa = PBXBuildFile; fileRef = 1EAD374A2B1613C300B7C649 /* categories.json */; };
		1EAD37502B1658B800B7C649 /* FSFood.swift in Sources */ = {isa = PBXBuildFile; fileRef = 1EAD374F2B1658B800B7C649 /* FSFood.swift */; };
		1EAD37532B167F6F00B7C649 /* RepastLinkView.swift in Sources */ = {isa = PBXBuildFile; fileRef = 1EAD37522B167F6F00B7C649 /* RepastLinkView.swift */; };
		1EAD37552B16869C00B7C649 /* NutritionalSummaryView.swift in Sources */ = {isa = PBXBuildFile; fileRef = 1EAD37542B16869C00B7C649 /* NutritionalSummaryView.swift */; };
		1EAD37582B168A1E00B7C649 /* SearchResultsView.swift in Sources */ = {isa = PBXBuildFile; fileRef = 1EAD37572B168A1D00B7C649 /* SearchResultsView.swift */; };
		1EB063702AAC8BDD00139F48 /* RepastView.swift in Sources */ = {isa = PBXBuildFile; fileRef = 1EB0636F2AAC8BDD00139F48 /* RepastView.swift */; };
		1EB063722AAC8BED00139F48 /* RepastViewModel.swift in Sources */ = {isa = PBXBuildFile; fileRef = 1EB063712AAC8BED00139F48 /* RepastViewModel.swift */; };
		1EB063742AADE4B900139F48 /* FilteredList.swift in Sources */ = {isa = PBXBuildFile; fileRef = 1EB063732AADE4B900139F48 /* FilteredList.swift */; };
		1EB063932AB36F4100139F48 /* Repast+CoreDataClass.swift in Sources */ = {isa = PBXBuildFile; fileRef = 1EB0638D2AB36F4100139F48 /* Repast+CoreDataClass.swift */; };
		1EB063942AB36F4100139F48 /* Repast+CoreDataProperties.swift in Sources */ = {isa = PBXBuildFile; fileRef = 1EB0638E2AB36F4100139F48 /* Repast+CoreDataProperties.swift */; };
		1EB063972AB36F4100139F48 /* Food+CoreDataClass.swift in Sources */ = {isa = PBXBuildFile; fileRef = 1EB063912AB36F4100139F48 /* Food+CoreDataClass.swift */; };
		1EB063982AB36F4100139F48 /* Food+CoreDataProperties.swift in Sources */ = {isa = PBXBuildFile; fileRef = 1EB063922AB36F4100139F48 /* Food+CoreDataProperties.swift */; };
/* End PBXBuildFile section */

/* Begin PBXFileReference section */
		1E3258862AA8702100516811 /* CustomFoodViewModel.swift */ = {isa = PBXFileReference; lastKnownFileType = sourcecode.swift; path = CustomFoodViewModel.swift; sourceTree = "<group>"; };
		1E44E01A2B14B9AF00B15390 /* NetworkManager.swift */ = {isa = PBXFileReference; lastKnownFileType = sourcecode.swift; path = NetworkManager.swift; sourceTree = "<group>"; };
		1E44E01C2B14BA5100B15390 /* BMFood.swift */ = {isa = PBXFileReference; lastKnownFileType = sourcecode.swift; path = BMFood.swift; sourceTree = "<group>"; };
		1E53F8632A9F43120023D783 /* CustomFoodView.swift */ = {isa = PBXFileReference; lastKnownFileType = sourcecode.swift; path = CustomFoodView.swift; sourceTree = "<group>"; };
		1E53F8682AA0D4F00023D783 /* DataController.swift */ = {isa = PBXFileReference; lastKnownFileType = sourcecode.swift; path = DataController.swift; sourceTree = "<group>"; };
		1E53F86B2AA0D5B20023D783 /* Food.xcdatamodel */ = {isa = PBXFileReference; lastKnownFileType = wrapper.xcdatamodel; path = Food.xcdatamodel; sourceTree = "<group>"; };
		1E53F86D2AA0EFF90023D783 /* FoodDetailView.swift */ = {isa = PBXFileReference; lastKnownFileType = sourcecode.swift; path = FoodDetailView.swift; sourceTree = "<group>"; };
		1E53F8892AA785C30023D783 /* FoodDetailViewModel.swift */ = {isa = PBXFileReference; lastKnownFileType = sourcecode.swift; path = FoodDetailViewModel.swift; sourceTree = "<group>"; };
		1E5958322B175D7500499F5D /* TrackedFoodDetailView.swift */ = {isa = PBXFileReference; lastKnownFileType = sourcecode.swift; path = TrackedFoodDetailView.swift; sourceTree = "<group>"; };
		1E5958342B1760BF00499F5D /* TrackedFoodDetailViewModel.swift */ = {isa = PBXFileReference; lastKnownFileType = sourcecode.swift; path = TrackedFoodDetailViewModel.swift; sourceTree = "<group>"; };
		1E59583A2B19F78600499F5D /* FoodConverter.swift */ = {isa = PBXFileReference; lastKnownFileType = sourcecode.swift; path = FoodConverter.swift; sourceTree = "<group>"; };
		1E59583C2B1B4B7700499F5D /* KeyboardHelper.swift */ = {isa = PBXFileReference; lastKnownFileType = sourcecode.swift; path = KeyboardHelper.swift; sourceTree = "<group>"; };
		1E59583E2B1B9EC600499F5D /* DBFood.swift */ = {isa = PBXFileReference; lastKnownFileType = sourcecode.swift; path = DBFood.swift; sourceTree = "<group>"; };
		1E5958462B1CE5C800499F5D /* APITokenResponse.swift */ = {isa = PBXFileReference; lastKnownFileType = sourcecode.swift; path = APITokenResponse.swift; sourceTree = "<group>"; };
		1E5958482B1E1DF400499F5D /* QuickTrackView.swift */ = {isa = PBXFileReference; lastKnownFileType = sourcecode.swift; path = QuickTrackView.swift; sourceTree = "<group>"; };
		1E59584A2B1E1E1A00499F5D /* QuickTrackViewModel.swift */ = {isa = PBXFileReference; lastKnownFileType = sourcecode.swift; path = QuickTrackViewModel.swift; sourceTree = "<group>"; };
		1E59584C2B1E21B600499F5D /* QuickTrack+CoreDataClass.swift */ = {isa = PBXFileReference; lastKnownFileType = sourcecode.swift; path = "QuickTrack+CoreDataClass.swift"; sourceTree = "<group>"; };
		1E59584D2B1E21B600499F5D /* QuickTrack+CoreDataProperties.swift */ = {isa = PBXFileReference; lastKnownFileType = sourcecode.swift; path = "QuickTrack+CoreDataProperties.swift"; sourceTree = "<group>"; };
		1E5958502B1E376600499F5D /* QuickTrackRowView.swift */ = {isa = PBXFileReference; lastKnownFileType = sourcecode.swift; path = QuickTrackRowView.swift; sourceTree = "<group>"; };
		1E59585E2B1E5DEE00499F5D /* NutritionBarView.swift */ = {isa = PBXFileReference; lastKnownFileType = sourcecode.swift; path = NutritionBarView.swift; sourceTree = "<group>"; };
		1E729A4E2B1365C1001C05A7 /* MainViewModel.swift */ = {isa = PBXFileReference; lastKnownFileType = sourcecode.swift; path = MainViewModel.swift; sourceTree = "<group>"; };
		1E79A3C92AB374A600FCF193 /* FoodEntry+CoreDataClass.swift */ = {isa = PBXFileReference; lastKnownFileType = sourcecode.swift; path = "FoodEntry+CoreDataClass.swift"; sourceTree = "<group>"; };
		1E79A3CA2AB374A600FCF193 /* FoodEntry+CoreDataProperties.swift */ = {isa = PBXFileReference; lastKnownFileType = sourcecode.swift; path = "FoodEntry+CoreDataProperties.swift"; sourceTree = "<group>"; };
		1E885EE02A9E025400E69D74 /* bitemap.app */ = {isa = PBXFileReference; explicitFileType = wrapper.application; includeInIndex = 0; path = bitemap.app; sourceTree = BUILT_PRODUCTS_DIR; };
		1E885EE32A9E025400E69D74 /* bitemapApp.swift */ = {isa = PBXFileReference; lastKnownFileType = sourcecode.swift; path = bitemapApp.swift; sourceTree = "<group>"; };
		1E885EE52A9E025400E69D74 /* MainView.swift */ = {isa = PBXFileReference; lastKnownFileType = sourcecode.swift; path = MainView.swift; sourceTree = "<group>"; };
		1E885EE72A9E025600E69D74 /* Assets.xcassets */ = {isa = PBXFileReference; lastKnownFileType = folder.assetcatalog; path = Assets.xcassets; sourceTree = "<group>"; };
		1E885EEA2A9E025600E69D74 /* Preview Assets.xcassets */ = {isa = PBXFileReference; lastKnownFileType = folder.assetcatalog; path = "Preview Assets.xcassets"; sourceTree = "<group>"; };
		1E885EF12A9E210700E69D74 /* ViewCustomization.swift */ = {isa = PBXFileReference; lastKnownFileType = sourcecode.swift; path = ViewCustomization.swift; sourceTree = "<group>"; };
		1EAD37452B15FC5700B7C649 /* DBCategory.swift */ = {isa = PBXFileReference; lastKnownFileType = sourcecode.swift; path = DBCategory.swift; sourceTree = "<group>"; };
		1EAD37472B15FC9C00B7C649 /* DBSubcategory.swift */ = {isa = PBXFileReference; lastKnownFileType = sourcecode.swift; path = DBSubcategory.swift; sourceTree = "<group>"; };
		1EAD37492B1613C300B7C649 /* subcategories.json */ = {isa = PBXFileReference; fileEncoding = 4; lastKnownFileType = text.json; path = subcategories.json; sourceTree = "<group>"; };
		1EAD374A2B1613C300B7C649 /* categories.json */ = {isa = PBXFileReference; fileEncoding = 4; lastKnownFileType = text.json; path = categories.json; sourceTree = "<group>"; };
		1EAD374F2B1658B800B7C649 /* FSFood.swift */ = {isa = PBXFileReference; lastKnownFileType = sourcecode.swift; path = FSFood.swift; sourceTree = "<group>"; };
		1EAD37522B167F6F00B7C649 /* RepastLinkView.swift */ = {isa = PBXFileReference; lastKnownFileType = sourcecode.swift; path = RepastLinkView.swift; sourceTree = "<group>"; };
		1EAD37542B16869C00B7C649 /* NutritionalSummaryView.swift */ = {isa = PBXFileReference; lastKnownFileType = sourcecode.swift; path = NutritionalSummaryView.swift; sourceTree = "<group>"; };
		1EAD37572B168A1D00B7C649 /* SearchResultsView.swift */ = {isa = PBXFileReference; lastKnownFileType = sourcecode.swift; path = SearchResultsView.swift; sourceTree = "<group>"; };
		1EB0636F2AAC8BDD00139F48 /* RepastView.swift */ = {isa = PBXFileReference; lastKnownFileType = sourcecode.swift; path = RepastView.swift; sourceTree = "<group>"; };
		1EB063712AAC8BED00139F48 /* RepastViewModel.swift */ = {isa = PBXFileReference; lastKnownFileType = sourcecode.swift; path = RepastViewModel.swift; sourceTree = "<group>"; };
		1EB063732AADE4B900139F48 /* FilteredList.swift */ = {isa = PBXFileReference; lastKnownFileType = sourcecode.swift; path = FilteredList.swift; sourceTree = "<group>"; };
		1EB0638D2AB36F4100139F48 /* Repast+CoreDataClass.swift */ = {isa = PBXFileReference; lastKnownFileType = sourcecode.swift; path = "Repast+CoreDataClass.swift"; sourceTree = "<group>"; };
		1EB0638E2AB36F4100139F48 /* Repast+CoreDataProperties.swift */ = {isa = PBXFileReference; lastKnownFileType = sourcecode.swift; path = "Repast+CoreDataProperties.swift"; sourceTree = "<group>"; };
		1EB063912AB36F4100139F48 /* Food+CoreDataClass.swift */ = {isa = PBXFileReference; lastKnownFileType = sourcecode.swift; path = "Food+CoreDataClass.swift"; sourceTree = "<group>"; };
		1EB063922AB36F4100139F48 /* Food+CoreDataProperties.swift */ = {isa = PBXFileReference; lastKnownFileType = sourcecode.swift; path = "Food+CoreDataProperties.swift"; sourceTree = "<group>"; };
/* End PBXFileReference section */

/* Begin PBXFrameworksBuildPhase section */
		1E885EDD2A9E025400E69D74 /* Frameworks */ = {
			isa = PBXFrameworksBuildPhase;
			buildActionMask = 2147483647;
			files = (
				1E5958452B1CE45800499F5D /* KeychainSwift in Frameworks */,
			);
			runOnlyForDeploymentPostprocessing = 0;
		};
/* End PBXFrameworksBuildPhase section */

/* Begin PBXGroup section */
		1E5958422B1CDED700499F5D /* CoreData */ = {
			isa = PBXGroup;
			children = (
				1EB0638D2AB36F4100139F48 /* Repast+CoreDataClass.swift */,
				1EB0638E2AB36F4100139F48 /* Repast+CoreDataProperties.swift */,
				1E79A3C92AB374A600FCF193 /* FoodEntry+CoreDataClass.swift */,
				1E79A3CA2AB374A600FCF193 /* FoodEntry+CoreDataProperties.swift */,
				1EB063912AB36F4100139F48 /* Food+CoreDataClass.swift */,
				1EB063922AB36F4100139F48 /* Food+CoreDataProperties.swift */,
				1E59584C2B1E21B600499F5D /* QuickTrack+CoreDataClass.swift */,
				1E59584D2B1E21B600499F5D /* QuickTrack+CoreDataProperties.swift */,
			);
			path = CoreData;
			sourceTree = "<group>";
		};
		1E729A4A2B135DE7001C05A7 /* View */ = {
			isa = PBXGroup;
			children = (
				1EAD37512B167F4B00B7C649 /* MainView */,
				1EAD37562B168A0700B7C649 /* RepastView */,
				1E53F8632A9F43120023D783 /* CustomFoodView.swift */,
				1E53F86D2AA0EFF90023D783 /* FoodDetailView.swift */,
			);
			path = View;
			sourceTree = "<group>";
		};
		1E729A4B2B135E39001C05A7 /* ViewModel */ = {
			isa = PBXGroup;
			children = (
				1E729A4E2B1365C1001C05A7 /* MainViewModel.swift */,
				1EB063712AAC8BED00139F48 /* RepastViewModel.swift */,
				1E5958342B1760BF00499F5D /* TrackedFoodDetailViewModel.swift */,
				1E3258862AA8702100516811 /* CustomFoodViewModel.swift */,
				1E53F8892AA785C30023D783 /* FoodDetailViewModel.swift */,
				1E59584A2B1E1E1A00499F5D /* QuickTrackViewModel.swift */,
			);
			path = ViewModel;
			sourceTree = "<group>";
		};
		1E729A4C2B135E78001C05A7 /* Model */ = {
			isa = PBXGroup;
			children = (
				1EAD374A2B1613C300B7C649 /* categories.json */,
				1EAD37492B1613C300B7C649 /* subcategories.json */,
				1E53F86A2AA0D5B20023D783 /* bitemap.xcdatamodeld */,
				1E5958422B1CDED700499F5D /* CoreData */,
				1EAD37452B15FC5700B7C649 /* DBCategory.swift */,
				1EAD37472B15FC9C00B7C649 /* DBSubcategory.swift */,
				1E59583E2B1B9EC600499F5D /* DBFood.swift */,
				1E44E01C2B14BA5100B15390 /* BMFood.swift */,
				1EAD374F2B1658B800B7C649 /* FSFood.swift */,
				1E5958462B1CE5C800499F5D /* APITokenResponse.swift */,
			);
			path = Model;
			sourceTree = "<group>";
		};
		1E729A4D2B135F52001C05A7 /* Utilities */ = {
			isa = PBXGroup;
			children = (
				1E53F8682AA0D4F00023D783 /* DataController.swift */,
				1E885EF12A9E210700E69D74 /* ViewCustomization.swift */,
				1E44E01A2B14B9AF00B15390 /* NetworkManager.swift */,
				1E59583A2B19F78600499F5D /* FoodConverter.swift */,
				1E59583C2B1B4B7700499F5D /* KeyboardHelper.swift */,
			);
			path = Utilities;
			sourceTree = "<group>";
		};
		1E885ED72A9E025400E69D74 = {
			isa = PBXGroup;
			children = (
				1E885EE22A9E025400E69D74 /* bitemap */,
				1E885EE12A9E025400E69D74 /* Products */,
			);
			sourceTree = "<group>";
		};
		1E885EE12A9E025400E69D74 /* Products */ = {
			isa = PBXGroup;
			children = (
				1E885EE02A9E025400E69D74 /* bitemap.app */,
			);
			name = Products;
			sourceTree = "<group>";
		};
		1E885EE22A9E025400E69D74 /* bitemap */ = {
			isa = PBXGroup;
			children = (
				1E885EE32A9E025400E69D74 /* bitemapApp.swift */,
				1E729A4D2B135F52001C05A7 /* Utilities */,
				1E729A4C2B135E78001C05A7 /* Model */,
				1E729A4A2B135DE7001C05A7 /* View */,
				1E729A4B2B135E39001C05A7 /* ViewModel */,
				1E885EE72A9E025600E69D74 /* Assets.xcassets */,
				1E885EE92A9E025600E69D74 /* Preview Content */,
			);
			path = bitemap;
			sourceTree = "<group>";
		};
		1E885EE92A9E025600E69D74 /* Preview Content */ = {
			isa = PBXGroup;
			children = (
				1E885EEA2A9E025600E69D74 /* Preview Assets.xcassets */,
			);
			path = "Preview Content";
			sourceTree = "<group>";
		};
		1EAD37512B167F4B00B7C649 /* MainView */ = {
			isa = PBXGroup;
			children = (
				1E885EE52A9E025400E69D74 /* MainView.swift */,
				1EAD37522B167F6F00B7C649 /* RepastLinkView.swift */,
				1EAD37542B16869C00B7C649 /* NutritionalSummaryView.swift */,
			);
			path = MainView;
			sourceTree = "<group>";
		};
		1EAD37562B168A0700B7C649 /* RepastView */ = {
			isa = PBXGroup;
			children = (
				1EB0636F2AAC8BDD00139F48 /* RepastView.swift */,
				1EAD37572B168A1D00B7C649 /* SearchResultsView.swift */,
				1EB063732AADE4B900139F48 /* FilteredList.swift */,
				1E59585E2B1E5DEE00499F5D /* NutritionBarView.swift */,
				1E5958502B1E376600499F5D /* QuickTrackRowView.swift */,
				1E5958322B175D7500499F5D /* TrackedFoodDetailView.swift */,
				1E5958482B1E1DF400499F5D /* QuickTrackView.swift */,
			);
			path = RepastView;
			sourceTree = "<group>";
		};
/* End PBXGroup section */

/* Begin PBXNativeTarget section */
		1E885EDF2A9E025400E69D74 /* bitemap */ = {
			isa = PBXNativeTarget;
			buildConfigurationList = 1E885EEE2A9E025600E69D74 /* Build configuration list for PBXNativeTarget "bitemap" */;
			buildPhases = (
				1E885EDC2A9E025400E69D74 /* Sources */,
				1E885EDD2A9E025400E69D74 /* Frameworks */,
				1E885EDE2A9E025400E69D74 /* Resources */,
			);
			buildRules = (
			);
			dependencies = (
			);
			name = bitemap;
			packageProductDependencies = (
				1E5958442B1CE45800499F5D /* KeychainSwift */,
			);
			productName = bitemap;
			productReference = 1E885EE02A9E025400E69D74 /* bitemap.app */;
			productType = "com.apple.product-type.application";
		};
/* End PBXNativeTarget section */

/* Begin PBXProject section */
		1E885ED82A9E025400E69D74 /* Project object */ = {
			isa = PBXProject;
			attributes = {
				BuildIndependentTargetsInParallel = 1;
				LastSwiftUpdateCheck = 1430;
				LastUpgradeCheck = 1430;
				TargetAttributes = {
					1E885EDF2A9E025400E69D74 = {
						CreatedOnToolsVersion = 14.3.1;
					};
				};
			};
			buildConfigurationList = 1E885EDB2A9E025400E69D74 /* Build configuration list for PBXProject "bitemap" */;
			compatibilityVersion = "Xcode 14.0";
			developmentRegion = en;
			hasScannedForEncodings = 0;
			knownRegions = (
				en,
				Base,
			);
			mainGroup = 1E885ED72A9E025400E69D74;
			packageReferences = (
				1E5958432B1CE45800499F5D /* XCRemoteSwiftPackageReference "keychain-swift" */,
			);
			productRefGroup = 1E885EE12A9E025400E69D74 /* Products */;
			projectDirPath = "";
			projectRoot = "";
			targets = (
				1E885EDF2A9E025400E69D74 /* bitemap */,
			);
		};
/* End PBXProject section */

/* Begin PBXResourcesBuildPhase section */
		1E885EDE2A9E025400E69D74 /* Resources */ = {
			isa = PBXResourcesBuildPhase;
			buildActionMask = 2147483647;
			files = (
				1E885EEB2A9E025600E69D74 /* Preview Assets.xcassets in Resources */,
				1EAD374C2B1613C300B7C649 /* categories.json in Resources */,
				1E885EE82A9E025600E69D74 /* Assets.xcassets in Resources */,
				1EAD374B2B1613C300B7C649 /* subcategories.json in Resources */,
			);
			runOnlyForDeploymentPostprocessing = 0;
		};
/* End PBXResourcesBuildPhase section */

/* Begin PBXSourcesBuildPhase section */
		1E885EDC2A9E025400E69D74 /* Sources */ = {
			isa = PBXSourcesBuildPhase;
			buildActionMask = 2147483647;
			files = (
				1E53F86C2AA0D5B20023D783 /* bitemap.xcdatamodeld in Sources */,
				1E53F8642A9F43120023D783 /* CustomFoodView.swift in Sources */,
				1E59583B2B19F78600499F5D /* FoodConverter.swift in Sources */,
				1EB063932AB36F4100139F48 /* Repast+CoreDataClass.swift in Sources */,
				1EAD37552B16869C00B7C649 /* NutritionalSummaryView.swift in Sources */,
				1E53F8692AA0D4F00023D783 /* DataController.swift in Sources */,
				1EB063942AB36F4100139F48 /* Repast+CoreDataProperties.swift in Sources */,
				1E885EE62A9E025400E69D74 /* MainView.swift in Sources */,
				1EB063972AB36F4100139F48 /* Food+CoreDataClass.swift in Sources */,
				1EB063702AAC8BDD00139F48 /* RepastView.swift in Sources */,
				1E59583F2B1B9EC600499F5D /* DBFood.swift in Sources */,
				1E5958352B1760BF00499F5D /* TrackedFoodDetailViewModel.swift in Sources */,
				1E53F86E2AA0EFF90023D783 /* FoodDetailView.swift in Sources */,
				1EAD37482B15FC9C00B7C649 /* DBSubcategory.swift in Sources */,
				1E79A3CB2AB374A600FCF193 /* FoodEntry+CoreDataClass.swift in Sources */,
				1E59584F2B1E21B600499F5D /* QuickTrack+CoreDataProperties.swift in Sources */,
				1EB063742AADE4B900139F48 /* FilteredList.swift in Sources */,
				1E3258872AA8702100516811 /* CustomFoodViewModel.swift in Sources */,
				1E44E01B2B14B9AF00B15390 /* NetworkManager.swift in Sources */,
				1E729A4F2B1365C1001C05A7 /* MainViewModel.swift in Sources */,
				1E44E01D2B14BA5100B15390 /* BMFood.swift in Sources */,
				1EAD37532B167F6F00B7C649 /* RepastLinkView.swift in Sources */,
				1E5958332B175D7500499F5D /* TrackedFoodDetailView.swift in Sources */,
				1E5958512B1E376600499F5D /* QuickTrackRowView.swift in Sources */,
				1EAD37462B15FC5700B7C649 /* DBCategory.swift in Sources */,
				1EAD37582B168A1E00B7C649 /* SearchResultsView.swift in Sources */,
				1E79A3CC2AB374A600FCF193 /* FoodEntry+CoreDataProperties.swift in Sources */,
				1E885EE42A9E025400E69D74 /* bitemapApp.swift in Sources */,
				1E53F88A2AA785C30023D783 /* FoodDetailViewModel.swift in Sources */,
				1E59585F2B1E5DEE00499F5D /* NutritionBarView.swift in Sources */,
				1E59583D2B1B4B7700499F5D /* KeyboardHelper.swift in Sources */,
				1EB063722AAC8BED00139F48 /* RepastViewModel.swift in Sources */,
				1E5958472B1CE5C800499F5D /* APITokenResponse.swift in Sources */,
				1E885EF22A9E210700E69D74 /* ViewCustomization.swift in Sources */,
				1E59584E2B1E21B600499F5D /* QuickTrack+CoreDataClass.swift in Sources */,
				1E59584B2B1E1E1A00499F5D /* QuickTrackViewModel.swift in Sources */,
				1EAD37502B1658B800B7C649 /* FSFood.swift in Sources */,
				1E5958492B1E1DF400499F5D /* QuickTrackView.swift in Sources */,
				1EB063982AB36F4100139F48 /* Food+CoreDataProperties.swift in Sources */,
			);
			runOnlyForDeploymentPostprocessing = 0;
		};
/* End PBXSourcesBuildPhase section */

/* Begin XCBuildConfiguration section */
		1E885EEC2A9E025600E69D74 /* Debug */ = {
			isa = XCBuildConfiguration;
			buildSettings = {
				ALWAYS_SEARCH_USER_PATHS = NO;
				CLANG_ANALYZER_NONNULL = YES;
				CLANG_ANALYZER_NUMBER_OBJECT_CONVERSION = YES_AGGRESSIVE;
				CLANG_CXX_LANGUAGE_STANDARD = "gnu++20";
				CLANG_ENABLE_MODULES = YES;
				CLANG_ENABLE_OBJC_ARC = YES;
				CLANG_ENABLE_OBJC_WEAK = YES;
				CLANG_WARN_BLOCK_CAPTURE_AUTORELEASING = YES;
				CLANG_WARN_BOOL_CONVERSION = YES;
				CLANG_WARN_COMMA = YES;
				CLANG_WARN_CONSTANT_CONVERSION = YES;
				CLANG_WARN_DEPRECATED_OBJC_IMPLEMENTATIONS = YES;
				CLANG_WARN_DIRECT_OBJC_ISA_USAGE = YES_ERROR;
				CLANG_WARN_DOCUMENTATION_COMMENTS = YES;
				CLANG_WARN_EMPTY_BODY = YES;
				CLANG_WARN_ENUM_CONVERSION = YES;
				CLANG_WARN_INFINITE_RECURSION = YES;
				CLANG_WARN_INT_CONVERSION = YES;
				CLANG_WARN_NON_LITERAL_NULL_CONVERSION = YES;
				CLANG_WARN_OBJC_IMPLICIT_RETAIN_SELF = YES;
				CLANG_WARN_OBJC_LITERAL_CONVERSION = YES;
				CLANG_WARN_OBJC_ROOT_CLASS = YES_ERROR;
				CLANG_WARN_QUOTED_INCLUDE_IN_FRAMEWORK_HEADER = YES;
				CLANG_WARN_RANGE_LOOP_ANALYSIS = YES;
				CLANG_WARN_STRICT_PROTOTYPES = YES;
				CLANG_WARN_SUSPICIOUS_MOVE = YES;
				CLANG_WARN_UNGUARDED_AVAILABILITY = YES_AGGRESSIVE;
				CLANG_WARN_UNREACHABLE_CODE = YES;
				CLANG_WARN__DUPLICATE_METHOD_MATCH = YES;
				COPY_PHASE_STRIP = NO;
				DEBUG_INFORMATION_FORMAT = dwarf;
				ENABLE_STRICT_OBJC_MSGSEND = YES;
				ENABLE_TESTABILITY = YES;
				GCC_C_LANGUAGE_STANDARD = gnu11;
				GCC_DYNAMIC_NO_PIC = NO;
				GCC_NO_COMMON_BLOCKS = YES;
				GCC_OPTIMIZATION_LEVEL = 0;
				GCC_PREPROCESSOR_DEFINITIONS = (
					"DEBUG=1",
					"$(inherited)",
				);
				GCC_WARN_64_TO_32_BIT_CONVERSION = YES;
				GCC_WARN_ABOUT_RETURN_TYPE = YES_ERROR;
				GCC_WARN_UNDECLARED_SELECTOR = YES;
				GCC_WARN_UNINITIALIZED_AUTOS = YES_AGGRESSIVE;
				GCC_WARN_UNUSED_FUNCTION = YES;
				GCC_WARN_UNUSED_VARIABLE = YES;
				IPHONEOS_DEPLOYMENT_TARGET = 16.4;
				MTL_ENABLE_DEBUG_INFO = INCLUDE_SOURCE;
				MTL_FAST_MATH = YES;
				ONLY_ACTIVE_ARCH = YES;
				SDKROOT = iphoneos;
				SWIFT_ACTIVE_COMPILATION_CONDITIONS = DEBUG;
				SWIFT_OPTIMIZATION_LEVEL = "-Onone";
			};
			name = Debug;
		};
		1E885EED2A9E025600E69D74 /* Release */ = {
			isa = XCBuildConfiguration;
			buildSettings = {
				ALWAYS_SEARCH_USER_PATHS = NO;
				CLANG_ANALYZER_NONNULL = YES;
				CLANG_ANALYZER_NUMBER_OBJECT_CONVERSION = YES_AGGRESSIVE;
				CLANG_CXX_LANGUAGE_STANDARD = "gnu++20";
				CLANG_ENABLE_MODULES = YES;
				CLANG_ENABLE_OBJC_ARC = YES;
				CLANG_ENABLE_OBJC_WEAK = YES;
				CLANG_WARN_BLOCK_CAPTURE_AUTORELEASING = YES;
				CLANG_WARN_BOOL_CONVERSION = YES;
				CLANG_WARN_COMMA = YES;
				CLANG_WARN_CONSTANT_CONVERSION = YES;
				CLANG_WARN_DEPRECATED_OBJC_IMPLEMENTATIONS = YES;
				CLANG_WARN_DIRECT_OBJC_ISA_USAGE = YES_ERROR;
				CLANG_WARN_DOCUMENTATION_COMMENTS = YES;
				CLANG_WARN_EMPTY_BODY = YES;
				CLANG_WARN_ENUM_CONVERSION = YES;
				CLANG_WARN_INFINITE_RECURSION = YES;
				CLANG_WARN_INT_CONVERSION = YES;
				CLANG_WARN_NON_LITERAL_NULL_CONVERSION = YES;
				CLANG_WARN_OBJC_IMPLICIT_RETAIN_SELF = YES;
				CLANG_WARN_OBJC_LITERAL_CONVERSION = YES;
				CLANG_WARN_OBJC_ROOT_CLASS = YES_ERROR;
				CLANG_WARN_QUOTED_INCLUDE_IN_FRAMEWORK_HEADER = YES;
				CLANG_WARN_RANGE_LOOP_ANALYSIS = YES;
				CLANG_WARN_STRICT_PROTOTYPES = YES;
				CLANG_WARN_SUSPICIOUS_MOVE = YES;
				CLANG_WARN_UNGUARDED_AVAILABILITY = YES_AGGRESSIVE;
				CLANG_WARN_UNREACHABLE_CODE = YES;
				CLANG_WARN__DUPLICATE_METHOD_MATCH = YES;
				COPY_PHASE_STRIP = NO;
				DEBUG_INFORMATION_FORMAT = "dwarf-with-dsym";
				ENABLE_NS_ASSERTIONS = NO;
				ENABLE_STRICT_OBJC_MSGSEND = YES;
				GCC_C_LANGUAGE_STANDARD = gnu11;
				GCC_NO_COMMON_BLOCKS = YES;
				GCC_WARN_64_TO_32_BIT_CONVERSION = YES;
				GCC_WARN_ABOUT_RETURN_TYPE = YES_ERROR;
				GCC_WARN_UNDECLARED_SELECTOR = YES;
				GCC_WARN_UNINITIALIZED_AUTOS = YES_AGGRESSIVE;
				GCC_WARN_UNUSED_FUNCTION = YES;
				GCC_WARN_UNUSED_VARIABLE = YES;
				IPHONEOS_DEPLOYMENT_TARGET = 16.4;
				MTL_ENABLE_DEBUG_INFO = NO;
				MTL_FAST_MATH = YES;
				SDKROOT = iphoneos;
				SWIFT_COMPILATION_MODE = wholemodule;
				SWIFT_OPTIMIZATION_LEVEL = "-O";
				VALIDATE_PRODUCT = YES;
			};
			name = Release;
		};
		1E885EEF2A9E025600E69D74 /* Debug */ = {
			isa = XCBuildConfiguration;
			buildSettings = {
				ASSETCATALOG_COMPILER_APPICON_NAME = AppIcon;
				ASSETCATALOG_COMPILER_GLOBAL_ACCENT_COLOR_NAME = AccentColor;
				CODE_SIGN_STYLE = Automatic;
				CURRENT_PROJECT_VERSION = 1;
				DEVELOPMENT_ASSET_PATHS = "\"bitemap/Preview Content\"";
				DEVELOPMENT_TEAM = 3QUZCN7963;
				ENABLE_PREVIEWS = YES;
				GENERATE_INFOPLIST_FILE = YES;
				INFOPLIST_KEY_UIApplicationSceneManifest_Generation = YES;
				INFOPLIST_KEY_UIApplicationSupportsIndirectInputEvents = YES;
				INFOPLIST_KEY_UILaunchScreen_Generation = YES;
				INFOPLIST_KEY_UISupportedInterfaceOrientations_iPad = "UIInterfaceOrientationPortrait UIInterfaceOrientationPortraitUpsideDown UIInterfaceOrientationLandscapeLeft UIInterfaceOrientationLandscapeRight";
				INFOPLIST_KEY_UISupportedInterfaceOrientations_iPhone = "UIInterfaceOrientationPortrait UIInterfaceOrientationLandscapeLeft UIInterfaceOrientationLandscapeRight";
				INFOPLIST_KEY_UIUserInterfaceStyle = Light;
				LD_RUNPATH_SEARCH_PATHS = (
					"$(inherited)",
					"@executable_path/Frameworks",
				);
				MARKETING_VERSION = 1.0;
				PRODUCT_BUNDLE_IDENTIFIER = simkyt.bitemap;
				PRODUCT_NAME = "$(TARGET_NAME)";
				SWIFT_EMIT_LOC_STRINGS = YES;
				SWIFT_VERSION = 5.0;
				TARGETED_DEVICE_FAMILY = "1,2";
			};
			name = Debug;
		};
		1E885EF02A9E025600E69D74 /* Release */ = {
			isa = XCBuildConfiguration;
			buildSettings = {
				ASSETCATALOG_COMPILER_APPICON_NAME = AppIcon;
				ASSETCATALOG_COMPILER_GLOBAL_ACCENT_COLOR_NAME = AccentColor;
				CODE_SIGN_STYLE = Automatic;
				CURRENT_PROJECT_VERSION = 1;
				DEVELOPMENT_ASSET_PATHS = "\"bitemap/Preview Content\"";
				DEVELOPMENT_TEAM = 3QUZCN7963;
				ENABLE_PREVIEWS = YES;
				GENERATE_INFOPLIST_FILE = YES;
				INFOPLIST_KEY_UIApplicationSceneManifest_Generation = YES;
				INFOPLIST_KEY_UIApplicationSupportsIndirectInputEvents = YES;
				INFOPLIST_KEY_UILaunchScreen_Generation = YES;
				INFOPLIST_KEY_UISupportedInterfaceOrientations_iPad = "UIInterfaceOrientationPortrait UIInterfaceOrientationPortraitUpsideDown UIInterfaceOrientationLandscapeLeft UIInterfaceOrientationLandscapeRight";
				INFOPLIST_KEY_UISupportedInterfaceOrientations_iPhone = "UIInterfaceOrientationPortrait UIInterfaceOrientationLandscapeLeft UIInterfaceOrientationLandscapeRight";
				INFOPLIST_KEY_UIUserInterfaceStyle = Light;
				LD_RUNPATH_SEARCH_PATHS = (
					"$(inherited)",
					"@executable_path/Frameworks",
				);
				MARKETING_VERSION = 1.0;
				PRODUCT_BUNDLE_IDENTIFIER = simkyt.bitemap;
				PRODUCT_NAME = "$(TARGET_NAME)";
				SWIFT_EMIT_LOC_STRINGS = YES;
				SWIFT_VERSION = 5.0;
				TARGETED_DEVICE_FAMILY = "1,2";
			};
			name = Release;
		};
/* End XCBuildConfiguration section */

/* Begin XCConfigurationList section */
		1E885EDB2A9E025400E69D74 /* Build configuration list for PBXProject "bitemap" */ = {
			isa = XCConfigurationList;
			buildConfigurations = (
				1E885EEC2A9E025600E69D74 /* Debug */,
				1E885EED2A9E025600E69D74 /* Release */,
			);
			defaultConfigurationIsVisible = 0;
			defaultConfigurationName = Release;
		};
		1E885EEE2A9E025600E69D74 /* Build configuration list for PBXNativeTarget "bitemap" */ = {
			isa = XCConfigurationList;
			buildConfigurations = (
				1E885EEF2A9E025600E69D74 /* Debug */,
				1E885EF02A9E025600E69D74 /* Release */,
			);
			defaultConfigurationIsVisible = 0;
			defaultConfigurationName = Release;
		};
/* End XCConfigurationList section */

/* Begin XCRemoteSwiftPackageReference section */
		1E5958432B1CE45800499F5D /* XCRemoteSwiftPackageReference "keychain-swift" */ = {
			isa = XCRemoteSwiftPackageReference;
			repositoryURL = "https://github.com/evgenyneu/keychain-swift.git";
			requirement = {
				kind = upToNextMajorVersion;
				minimumVersion = 20.0.0;
			};
		};
/* End XCRemoteSwiftPackageReference section */

/* Begin XCSwiftPackageProductDependency section */
		1E5958442B1CE45800499F5D /* KeychainSwift */ = {
			isa = XCSwiftPackageProductDependency;
			package = 1E5958432B1CE45800499F5D /* XCRemoteSwiftPackageReference "keychain-swift" */;
			productName = KeychainSwift;
		};
/* End XCSwiftPackageProductDependency section */

/* Begin XCVersionGroup section */
		1E53F86A2AA0D5B20023D783 /* bitemap.xcdatamodeld */ = {
			isa = XCVersionGroup;
			children = (
				1E53F86B2AA0D5B20023D783 /* Food.xcdatamodel */,
			);
			currentVersion = 1E53F86B2AA0D5B20023D783 /* Food.xcdatamodel */;
			path = bitemap.xcdatamodeld;
			sourceTree = "<group>";
			versionGroupType = wrapper.xcdatamodel;
		};
/* End XCVersionGroup section */
	};
	rootObject = 1E885ED82A9E025400E69D74 /* Project object */;
}
